
Microsoft Visual Studio Solution File, Format Version 12.00
# Visual Studio Version 17
VisualStudioVersion = 17.0.31903.59
MinimumVisualStudioVersion = 10.0.40219.1
Project("{2150E333-8FDC-42A3-9474-1A3956D46DE8}") = "src", "src", "{F0229FAD-C192-4C56-97B4-3B41B3369240}"
EndProject
Project("{FAE04EC0-301F-11D3-BF4B-00C04F79EFBC}") = "CRMScraper.Library", "src\CRMScraper.Library\CRMScraper.Library.csproj", "{489F597E-223C-4474-AD5D-1864A0D39D17}"
EndProject
Project("{FAE04EC0-301F-11D3-BF4B-00C04F79EFBC}") = "CRMScraper.Tests", "src\CRMScraper.Tests\CRMScraper.Tests.csproj", "{44E7D84D-DF6A-481F-82E5-01FA8365A78A}"
EndProject
Global
	GlobalSection(SolutionConfigurationPlatforms) = preSolution
		Debug|Any CPU = Debug|Any CPU
		Release|Any CPU = Release|Any CPU
	EndGlobalSection
	GlobalSection(SolutionProperties) = preSolution
		HideSolutionNode = FALSE
	EndGlobalSection
	GlobalSection(ProjectConfigurationPlatforms) = postSolution
		{489F597E-223C-4474-AD5D-1864A0D39D17}.Debug|Any CPU.ActiveCfg = Debug|Any CPU
		{489F597E-223C-4474-AD5D-1864A0D39D17}.Debug|Any CPU.Build.0 = Debug|Any CPU
		{489F597E-223C-4474-AD5D-1864A0D39D17}.Release|Any CPU.ActiveCfg = Release|Any CPU
		{489F597E-223C-4474-AD5D-1864A0D39D17}.Release|Any CPU.Build.0 = Release|Any CPU
		{44E7D84D-DF6A-481F-82E5-01FA8365A78A}.Debug|Any CPU.ActiveCfg = Debug|Any CPU
		{44E7D84D-DF6A-481F-82E5-01FA8365A78A}.Debug|Any CPU.Build.0 = Debug|Any CPU
		{44E7D84D-DF6A-481F-82E5-01FA8365A78A}.Release|Any CPU.ActiveCfg = Release|Any CPU
		{44E7D84D-DF6A-481F-82E5-01FA8365A78A}.Release|Any CPU.Build.0 = Release|Any CPU
	EndGlobalSection
	GlobalSection(NestedProjects) = preSolution
		{489F597E-223C-4474-AD5D-1864A0D39D17} = {F0229FAD-C192-4C56-97B4-3B41B3369240}
		{44E7D84D-DF6A-481F-82E5-01FA8365A78A} = {F0229FAD-C192-4C56-97B4-3B41B3369240}
	EndGlobalSection
EndGlobal
